<?xml version="1.0" encoding="utf-8"?>
<Project ToolsVersion="4.0" xmlns="http://schemas.microsoft.com/developer/msbuild/2003">
  <ItemGroup>
    <Filter Include="Ayo">
      <UniqueIdentifier>{6ED7870B-DAE0-877C-635C-9E7CCF64937C}</UniqueIdentifier>
    </Filter>
    <Filter Include="Ayo\Events">
      <UniqueIdentifier>{921B2F87-7ED3-70D4-E7DA-4930D3B10BC5}</UniqueIdentifier>
    </Filter>
    <Filter Include="Platform">
      <UniqueIdentifier>{2AC788B4-1694-E3BF-3FAD-D1672BD9184E}</UniqueIdentifier>
    </Filter>
    <Filter Include="Platform\Windows">
      <UniqueIdentifier>{64FBD71A-50F4-F66C-7926-DCF1657ED678}</UniqueIdentifier>
    </Filter>
  </ItemGroup>
  <ItemGroup>
    <ClInclude Include="src\Ayo.h" />
    <ClInclude Include="src\Ayo\Application.h">
      <Filter>Ayo</Filter>
    </ClInclude>
    <ClInclude Include="src\Ayo\Core.h">
      <Filter>Ayo</Filter>
    </ClInclude>
    <ClInclude Include="src\Ayo\EntryPoint.h">
      <Filter>Ayo</Filter>
    </ClInclude>
    <ClInclude Include="src\Ayo\Events\ApplicationEvent.h">
      <Filter>Ayo\Events</Filter>
    </ClInclude>
    <ClInclude Include="src\Ayo\Events\Event.h">
      <Filter>Ayo\Events</Filter>
    </ClInclude>
    <ClInclude Include="src\Ayo\Events\KeyEvent.h">
      <Filter>Ayo\Events</Filter>
    </ClInclude>
    <ClInclude Include="src\Ayo\Events\MouseEvent.h">
      <Filter>Ayo\Events</Filter>
    </ClInclude>
    <ClInclude Include="src\Ayo\Layer.h">
      <Filter>Ayo</Filter>
    </ClInclude>
    <ClInclude Include="src\Ayo\LayerStack.h">
      <Filter>Ayo</Filter>
    </ClInclude>
    <ClInclude Include="src\Ayo\Log.h">
      <Filter>Ayo</Filter>
    </ClInclude>
    <ClInclude Include="src\Ayo\Window.h">
      <Filter>Ayo</Filter>
    </ClInclude>
    <ClInclude Include="src\Platform\Windows\WindowsWindow.h">
      <Filter>Platform\Windows</Filter>
    </ClInclude>
    <ClInclude Include="src\ayopch.h" />
  </ItemGroup>
  <ItemGroup>
    <ClCompile Include="src\Ayo\Application.cpp">
      <Filter>Ayo</Filter>
    </ClCompile>
    <ClCompile Include="src\Ayo\Events\Event.cpp">
      <Filter>Ayo\Events</Filter>
    </ClCompile>
    <ClCompile Include="src\Ayo\Layer.cpp">
      <Filter>Ayo</Filter>
    </ClCompile>
    <ClCompile Include="src\Ayo\LayerStack.cpp">
      <Filter>Ayo</Filter>
    </ClCompile>
    <ClCompile Include="src\Ayo\Log.cpp">
      <Filter>Ayo</Filter>
    </ClCompile>
    <ClCompile Include="src\Platform\Windows\WindowsWindow.cpp">
      <Filter>Platform\Windows</Filter>
    </ClCompile>
    <ClCompile Include="src\ayopch.cpp" />
  </ItemGroup>
</Project>