<?xml version="1.0" encoding="utf-8"?>
<Project ToolsVersion="4.0" xmlns="http://schemas.microsoft.com/developer/msbuild/2003">
  <ItemGroup>
    <Filter Include="Ayo">
      <UniqueIdentifier>{6ED7870B-DAE0-877C-635C-9E7CCF64937C}</UniqueIdentifier>
    </Filter>
  </ItemGroup>
  <ItemGroup>
    <ClInclude Include="src\Ayo.h" />
    <ClInclude Include="src\Ayo\Application.h">
      <Filter>Ayo</Filter>
    </ClInclude>
    <ClInclude Include="src\Ayo\Core.h">
      <Filter>Ayo</Filter>
    </ClInclude>
    <ClInclude Include="src\Ayo\EntryPoint.h">
      <Filter>Ayo</Filter>
    </ClInclude>
    <ClInclude Include="src\Ayo\Log.h">
      <Filter>Ayo</Filter>
    </ClInclude>
  </ItemGroup>
  <ItemGroup>
    <ClCompile Include="src\Ayo\Application.cpp">
      <Filter>Ayo</Filter>
    </ClCompile>
    <ClCompile Include="src\Ayo\Log.cpp">
      <Filter>Ayo</Filter>
    </ClCompile>
  </ItemGroup>
</Project>